// !$*UTF8*$!
{
	archiveVersion = 1;
	classes = {
	};
	objectVersion = 70;
	objects = {

/* Begin PBXBuildFile section */
		1A00000000000000000021AA /* Supabase in Frameworks */ = {isa = PBXBuildFile; productRef = 0BAE4B90BE32FA90AB8459C7 /* Supabase */; };
		DE43C3068F2118522BB1720C /* seed-recipes.json in Resources */ = {isa = PBXBuildFile; fileRef = C3C086C565DB021B2F7BE5A0 /* seed-recipes.json */; };
/* End PBXBuildFile section */

/* Begin PBXFileReference section */
		3A59389BF828AEC81EE44731 /* Adaptable Cooking.app */ = {isa = PBXFileReference; explicitFileType = wrapper.application; includeInIndex = 0; path = "Adaptable Cooking.app"; sourceTree = BUILT_PRODUCTS_DIR; };
		6A06AFC9A34A7562D4E1BE34 /* Adaptable.entitlements */ = {isa = PBXFileReference; lastKnownFileType = text.plist.entitlements; path = Adaptable.entitlements; sourceTree = "<group>"; };
		C2A23FC8515912AF1CDD1DF6 /* Info.plist */ = {isa = PBXFileReference; lastKnownFileType = text.plist.xml; path = Info.plist; sourceTree = "<group>"; };
		C3C086C565DB021B2F7BE5A0 /* seed-recipes.json */ = {isa = PBXFileReference; lastKnownFileType = text.json; name = "seed-recipes.json"; path = "../../shared/seed-recipes.json"; sourceTree = "<group>"; };
		F5D6396A8FECE6711F81FA80 /* Config.xcconfig */ = {isa = PBXFileReference; lastKnownFileType = text.xcconfig; path = Config.xcconfig; sourceTree = "<group>"; };
/* End PBXFileReference section */

/* Begin PBXFileSystemSynchronizedRootGroup section */
		4260E8BA1B772421F90CB656 /* Adaptable */ = {isa = PBXFileSystemSynchronizedRootGroup; explicitFileTypes = {}; explicitFolders = (); path = Adaptable; sourceTree = "<group>"; };
/* End PBXFileSystemSynchronizedRootGroup section */

/* Begin PBXFrameworksBuildPhase section */
		51CA5795725841176D88636C /* Frameworks */ = {
			isa = PBXFrameworksBuildPhase;
			buildActionMask = 2147483647;
			files = (
				1A00000000000000000021AA /* Supabase in Frameworks */,
			);
			runOnlyForDeploymentPostprocessing = 0;
		};
/* End PBXFrameworksBuildPhase section */

/* Begin PBXGroup section */
		1A00000000000000000030AA /* Support */ = {
			isa = PBXGroup;
			children = (
				C2A23FC8515912AF1CDD1DF6 /* Info.plist */,
				6A06AFC9A34A7562D4E1BE34 /* Adaptable.entitlements */,
				F5D6396A8FECE6711F81FA80 /* Config.xcconfig */,
			);
			path = Support;
			sourceTree = "<group>";
		};
		1A00000000000000000040AA /* Shared */ = {
			isa = PBXGroup;
			children = (
				C3C086C565DB021B2F7BE5A0 /* seed-recipes.json */,
			);
			name = Shared;
			sourceTree = "<group>";
		};
		709C16F143AE65667932FFA7 /* Products */ = {
			isa = PBXGroup;
			children = (
				3A59389BF828AEC81EE44731 /* Adaptable Cooking.app */,
			);
			name = Products;
			sourceTree = "<group>";
		};
		913CA3184E24F90554B929D2 = {
			isa = PBXGroup;
			children = (
				4260E8BA1B772421F90CB656 /* Adaptable */,
				1A00000000000000000030AA /* Support */,
				1A00000000000000000040AA /* Shared */,
				709C16F143AE65667932FFA7 /* Products */,
			);
			sourceTree = "<group>";
		};
/* End PBXGroup section */

/* Begin PBXNativeTarget section */
		0B0C759B754D34059A8A552A /* Adaptable Cooking */ = {
			isa = PBXNativeTarget;
			buildConfigurationList = 575FBD27EA3E8532173CA429 /* Build configuration list for PBXNativeTarget "Adaptable Cooking" */;
			buildPhases = (
				121F368430A15A31FC70431A /* Sources */,
				51CA5795725841176D88636C /* Frameworks */,
				CB45EBFE8FCE7BD7DE70CA22 /* Resources */,
			);
			buildRules = (
			);
			dependencies = (
			);
			fileSystemSynchronizedGroups = (
				4260E8BA1B772421F90CB656 /* Adaptable */,
			);
			name = "Adaptable Cooking";
			packageProductDependencies = (
				0BAE4B90BE32FA90AB8459C7 /* Supabase */,
			);
			productName = Adaptable;
			productReference = 3A59389BF828AEC81EE44731 /* Adaptable Cooking.app */;
			productType = "com.apple.product-type.application";
		};
/* End PBXNativeTarget section */

/* Begin PBXProject section */
		900AC808045C317E008743AE /* Project object */ = {
			isa = PBXProject;
			attributes = {
				BuildIndependentTargetsInParallel = 1;
				LastSwiftUpdateCheck = 1600;
				LastUpgradeCheck = 2660;
				TargetAttributes = {
					0B0C759B754D34059A8A552A = {
						CreatedOnToolsVersion = 16.0;
					};
				};
			};
			buildConfigurationList = D5CEE6393E6B9F96878A7585 /* Build configuration list for PBXProject "Adaptable" */;
			compatibilityVersion = "Xcode 14.0";
			developmentRegion = en;
			hasScannedForEncodings = 0;
			knownRegions = (
				en,
				Base,
			);
			mainGroup = 913CA3184E24F90554B929D2;
			minimizedProjectReferenceProxies = 1;
			packageReferences = (
				87DFBBAE0E3B778E83271B6E /* XCRemoteSwiftPackageReference "supabase-swift" */,
			);
			productRefGroup = 709C16F143AE65667932FFA7 /* Products */;
			projectDirPath = "";
			projectRoot = "";
			targets = (
				0B0C759B754D34059A8A552A /* Adaptable Cooking */,
			);
		};
/* End PBXProject section */

/* Begin PBXResourcesBuildPhase section */
		CB45EBFE8FCE7BD7DE70CA22 /* Resources */ = {
			isa = PBXResourcesBuildPhase;
			buildActionMask = 2147483647;
			files = (
				DE43C3068F2118522BB1720C /* seed-recipes.json in Resources */,
			);
			runOnlyForDeploymentPostprocessing = 0;
		};
/* End PBXResourcesBuildPhase section */

/* Begin PBXSourcesBuildPhase section */
		121F368430A15A31FC70431A /* Sources */ = {
			isa = PBXSourcesBuildPhase;
			buildActionMask = 2147483647;
			files = (
			);
			runOnlyForDeploymentPostprocessing = 0;
		};
/* End PBXSourcesBuildPhase section */

/* Begin XCBuildConfiguration section */
		2428970D033C12BFCCF6ED22 /* Release */ = {
			isa = XCBuildConfiguration;
			baseConfigurationReference = F5D6396A8FECE6711F81FA80 /* Config.xcconfig */;
			buildSettings = {
				ASSETCATALOG_COMPILER_APPICON_NAME = AppIcon;
				ASSETCATALOG_COMPILER_GLOBAL_ACCENT_COLOR_NAME = AccentColor;
				ASSETCATALOG_COMPILER_INCLUDE_ALL_APPICON_ASSETS = YES;
				CODE_SIGN_ENTITLEMENTS = Support/Adaptable.entitlements;
				CODE_SIGN_STYLE = Automatic;
				CURRENT_PROJECT_VERSION = 2;
				DEVELOPMENT_ASSET_PATHS = "";
				ENABLE_PREVIEWS = YES;
				GENERATE_INFOPLIST_FILE = NO;
				INFOPLIST_FILE = Support/Info.plist;
				INFOPLIST_KEY_CFBundleDisplayName = Adaptable;
				INFOPLIST_KEY_LSApplicationCategoryType = "public.app-category.food-and-drink";
				INFOPLIST_KEY_UIApplicationSupportsIndirectInputEvents = YES;
				IPHONEOS_DEPLOYMENT_TARGET = 17.0;
				LD_RUNPATH_SEARCH_PATHS = (
					"$(inherited)",
					"@executable_path/Frameworks",
				);
				MARKETING_VERSION = 1.0;
				PRODUCT_BUNDLE_IDENTIFIER = com.adaptable.app;
				PRODUCT_NAME = "$(TARGET_NAME)";
				SWIFT_EMIT_LOC_STRINGS = YES;
				SWIFT_VERSION = 5.0;
				TARGETED_DEVICE_FAMILY = "1,2";
			};
			name = Release;
		};
		8E6EC30B5B1DB40031358EF1 /* Debug */ = {
			isa = XCBuildConfiguration;
			baseConfigurationReference = F5D6396A8FECE6711F81FA80 /* Config.xcconfig */;
			buildSettings = {
				ASSETCATALOG_COMPILER_APPICON_NAME = AppIcon;
				ASSETCATALOG_COMPILER_GLOBAL_ACCENT_COLOR_NAME = AccentColor;
				ASSETCATALOG_COMPILER_INCLUDE_ALL_APPICON_ASSETS = YES;
				CODE_SIGN_ENTITLEMENTS = Support/Adaptable.entitlements;
				CODE_SIGN_STYLE = Automatic;
				CURRENT_PROJECT_VERSION = 2;
				DEVELOPMENT_ASSET_PATHS = "";
				ENABLE_PREVIEWS = YES;
				GENERATE_INFOPLIST_FILE = NO;
				INFOPLIST_FILE = Support/Info.plist;
				INFOPLIST_KEY_CFBundleDisplayName = Adaptable;
				INFOPLIST_KEY_LSApplicationCategoryType = "public.app-category.food-and-drink";
				INFOPLIST_KEY_UIApplicationSupportsIndirectInputEvents = YES;
				IPHONEOS_DEPLOYMENT_TARGET = 17.0;
				LD_RUNPATH_SEARCH_PATHS = (
					"$(inherited)",
					"@executable_path/Frameworks",
				);
				MARKETING_VERSION = 1.0;
				PRODUCT_BUNDLE_IDENTIFIER = com.adaptable.app;
				PRODUCT_NAME = "$(TARGET_NAME)";
				SWIFT_EMIT_LOC_STRINGS = YES;
				SWIFT_VERSION = 5.0;
				TARGETED_DEVICE_FAMILY = "1,2";
			};
			name = Debug;
		};
		9DC11C068181C914CA5DAFD4 /* Debug */ = {
			isa = XCBuildConfiguration;
			buildSettings = {
				ALWAYS_SEARCH_USER_PATHS = NO;
				ASSETCATALOG_COMPILER_GENERATE_SWIFT_ASSET_SYMBOL_EXTENSIONS = YES;
				CLANG_ANALYZER_NONNULL = YES;
				CLANG_ANALYZER_NUMBER_OBJECT_CONVERSION = YES_AGGRESSIVE;
				CLANG_CXX_LANGUAGE_STANDARD = "gnu++20";
				CLANG_ENABLE_MODULES = YES;
				CLANG_ENABLE_OBJC_ARC = YES;
				CLANG_ENABLE_OBJC_WEAK = YES;
				CLANG_WARN_BLOCK_CAPTURE_AUTORELEASING = YES;
				CLANG_WARN_BOOL_CONVERSION = YES;
				CLANG_WARN_COMMA = YES;
				CLANG_WARN_CONSTANT_CONVERSION = YES;
				CLANG_WARN_DEPRECATED_OBJC_IMPLEMENTATIONS = YES;
				CLANG_WARN_DIRECT_OBJC_ISA_USAGE = YES_ERROR;
				CLANG_WARN_DOCUMENTATION_COMMENTS = YES;
				CLANG_WARN_EMPTY_BODY = YES;
				CLANG_WARN_ENUM_CONVERSION = YES;
				CLANG_WARN_INFINITE_RECURSION = YES;
				CLANG_WARN_INT_CONVERSION = YES;
				CLANG_WARN_NON_LITERAL_NULL_CONVERSION = YES;
				CLANG_WARN_OBJC_IMPLICIT_RETAIN_SELF = YES;
				CLANG_WARN_OBJC_LITERAL_CONVERSION = YES;
				CLANG_WARN_OBJC_ROOT_CLASS = YES_ERROR;
				CLANG_WARN_QUOTED_INCLUDE_IN_FRAMEWORK_HEADER = YES;
				CLANG_WARN_RANGE_LOOP_ANALYSIS = YES;
				CLANG_WARN_STRICT_PROTOTYPES = YES;
				CLANG_WARN_SUSPICIOUS_MOVE = YES;
				CLANG_WARN_UNGUARDED_AVAILABILITY = YES_AGGRESSIVE;
				CLANG_WARN_UNREACHABLE_CODE = YES;
				CLANG_WARN__DUPLICATE_METHOD_MATCH = YES;
				COPY_PHASE_STRIP = NO;
				DEBUG_INFORMATION_FORMAT = dwarf;
				DEVELOPMENT_TEAM = ZWXG4354ZC;
				ENABLE_STRICT_OBJC_MSGSEND = YES;
				ENABLE_TESTABILITY = YES;
				ENABLE_USER_SCRIPT_SANDBOXING = YES;
				GCC_C_LANGUAGE_STANDARD = gnu17;
				GCC_DYNAMIC_NO_PIC = NO;
				GCC_NO_COMMON_BLOCKS = YES;
				GCC_OPTIMIZATION_LEVEL = 0;
				GCC_PREPROCESSOR_DEFINITIONS = (
					"DEBUG=1",
					"$(inherited)",
				);
				GCC_WARN_64_TO_32_BIT_CONVERSION = YES;
				GCC_WARN_ABOUT_RETURN_TYPE = YES_ERROR;
				GCC_WARN_UNDECLARED_SELECTOR = YES;
				GCC_WARN_UNINITIALIZED_AUTOS = YES_AGGRESSIVE;
				GCC_WARN_UNUSED_FUNCTION = YES;
				GCC_WARN_UNUSED_VARIABLE = YES;
				IPHONEOS_DEPLOYMENT_TARGET = 17.0;
				MTL_ENABLE_DEBUG_INFO = INCLUDE_SOURCE;
				MTL_FAST_MATH = YES;
				ONLY_ACTIVE_ARCH = YES;
				SDKROOT = iphoneos;
				STRING_CATALOG_GENERATE_SYMBOLS = YES;
				SWIFT_ACTIVE_COMPILATION_CONDITIONS = "DEBUG $(inherited)";
				SWIFT_OPTIMIZATION_LEVEL = "-Onone";
				SWIFT_VERSION = 5.0;
			};
			name = Debug;
		};
		A00C221B0C49B2517CAF5A80 /* Release */ = {
			isa = XCBuildConfiguration;
			buildSettings = {
				ALWAYS_SEARCH_USER_PATHS = NO;
				ASSETCATALOG_COMPILER_GENERATE_SWIFT_ASSET_SYMBOL_EXTENSIONS = YES;
				CLANG_ANALYZER_NONNULL = YES;
				CLANG_ANALYZER_NUMBER_OBJECT_CONVERSION = YES_AGGRESSIVE;
				CLANG_CXX_LANGUAGE_STANDARD = "gnu++20";
				CLANG_ENABLE_MODULES = YES;
				CLANG_ENABLE_OBJC_ARC = YES;
				CLANG_ENABLE_OBJC_WEAK = YES;
				CLANG_WARN_BLOCK_CAPTURE_AUTORELEASING = YES;
				CLANG_WARN_BOOL_CONVERSION = YES;
				CLANG_WARN_COMMA = YES;
				CLANG_WARN_CONSTANT_CONVERSION = YES;
				CLANG_WARN_DEPRECATED_OBJC_IMPLEMENTATIONS = YES;
				CLANG_WARN_DIRECT_OBJC_ISA_USAGE = YES_ERROR;
				CLANG_WARN_DOCUMENTATION_COMMENTS = YES;
				CLANG_WARN_EMPTY_BODY = YES;
				CLANG_WARN_ENUM_CONVERSION = YES;
				CLANG_WARN_INFINITE_RECURSION = YES;
				CLANG_WARN_INT_CONVERSION = YES;
				CLANG_WARN_NON_LITERAL_NULL_CONVERSION = YES;
				CLANG_WARN_OBJC_IMPLICIT_RETAIN_SELF = YES;
				CLANG_WARN_OBJC_LITERAL_CONVERSION = YES;
				CLANG_WARN_OBJC_ROOT_CLASS = YES_ERROR;
				CLANG_WARN_QUOTED_INCLUDE_IN_FRAMEWORK_HEADER = YES;
				CLANG_WARN_RANGE_LOOP_ANALYSIS = YES;
				CLANG_WARN_STRICT_PROTOTYPES = YES;
				CLANG_WARN_SUSPICIOUS_MOVE = YES;
				CLANG_WARN_UNGUARDED_AVAILABILITY = YES_AGGRESSIVE;
				CLANG_WARN_UNREACHABLE_CODE = YES;
				CLANG_WARN__DUPLICATE_METHOD_MATCH = YES;
				COPY_PHASE_STRIP = NO;
				DEBUG_INFORMATION_FORMAT = "dwarf-with-dsym";
				DEVELOPMENT_TEAM = ZWXG4354ZC;
				ENABLE_NS_ASSERTIONS = NO;
				ENABLE_STRICT_OBJC_MSGSEND = YES;
				ENABLE_USER_SCRIPT_SANDBOXING = YES;
				GCC_C_LANGUAGE_STANDARD = gnu17;
				GCC_NO_COMMON_BLOCKS = YES;
				GCC_WARN_64_TO_32_BIT_CONVERSION = YES;
				GCC_WARN_ABOUT_RETURN_TYPE = YES_ERROR;
				GCC_WARN_UNDECLARED_SELECTOR = YES;
				GCC_WARN_UNINITIALIZED_AUTOS = YES_AGGRESSIVE;
				GCC_WARN_UNUSED_FUNCTION = YES;
				GCC_WARN_UNUSED_VARIABLE = YES;
				IPHONEOS_DEPLOYMENT_TARGET = 17.0;
				MTL_ENABLE_DEBUG_INFO = NO;
				MTL_FAST_MATH = YES;
				SDKROOT = iphoneos;
				STRING_CATALOG_GENERATE_SYMBOLS = YES;
				SWIFT_COMPILATION_MODE = wholemodule;
				SWIFT_VERSION = 5.0;
				VALIDATE_PRODUCT = YES;
			};
			name = Release;
		};
/* End XCBuildConfiguration section */

/* Begin XCConfigurationList section */
		575FBD27EA3E8532173CA429 /* Build configuration list for PBXNativeTarget "Adaptable Cooking" */ = {
			isa = XCConfigurationList;
			buildConfigurations = (
				8E6EC30B5B1DB40031358EF1 /* Debug */,
				2428970D033C12BFCCF6ED22 /* Release */,
			);
			defaultConfigurationIsVisible = 0;
			defaultConfigurationName = Release;
		};
		D5CEE6393E6B9F96878A7585 /* Build configuration list for PBXProject "Adaptable" */ = {
			isa = XCConfigurationList;
			buildConfigurations = (
				9DC11C068181C914CA5DAFD4 /* Debug */,
				A00C221B0C49B2517CAF5A80 /* Release */,
			);
			defaultConfigurationIsVisible = 0;
			defaultConfigurationName = Release;
		};
/* End XCConfigurationList section */

/* Begin XCRemoteSwiftPackageReference section */
		87DFBBAE0E3B778E83271B6E /* XCRemoteSwiftPackageReference "supabase-swift" */ = {
			isa = XCRemoteSwiftPackageReference;
			repositoryURL = "https://github.com/supabase/supabase-swift";
			requirement = {
				kind = upToNextMajorVersion;
				minimumVersion = 2.24.0;
			};
		};
/* End XCRemoteSwiftPackageReference section */

/* Begin XCSwiftPackageProductDependency section */
		0BAE4B90BE32FA90AB8459C7 /* Supabase */ = {
			isa = XCSwiftPackageProductDependency;
			package = 87DFBBAE0E3B778E83271B6E /* XCRemoteSwiftPackageReference "supabase-swift" */;
			productName = Supabase;
		};
/* End XCSwiftPackageProductDependency section */
	};
	rootObject = 900AC808045C317E008743AE /* Project object */;
}
